{
  "name": "bracket",
  "version": "2.0.0",
  "lockfileVersion": 1,
  "requires": true,
  "dependencies": {
    "js-cookie": {
      "version": "2.2.0",
      "resolved": "https://registry.npmjs.org/js-cookie/-/js-cookie-2.2.0.tgz",
      "integrity": "sha1-Gywnmm7s44ChIWi5JIUmWzWx7/s="
    },
    "sweetalert2": {
      "version": "8.3.0",
      "resolved": "https://registry.npmjs.org/sweetalert2/-/sweetalert2-8.3.0.tgz",
      "integrity": "sha512-HpZVbAxAyh03N5uzNs2e4gpVaaPyZYtBctyAZP8jUrF8Es9e3uvWFsO9I0m8DnlY4771dYIIeUDvlkwhdcKacA=="
    }
  }
}
